// !$*UTF8*$!
{
	archiveVersion = 1;
	classes = {
	};
	objectVersion = 56;
	objects = {

/* Begin PBXBuildFile section */
		7B097A8629A75B3300CB0765 /* OAuthTokenResponseBody.swift in Sources */ = {isa = PBXBuildFile; fileRef = 7B097A8529A75B3300CB0765 /* OAuthTokenResponseBody.swift */; };
		7B097A8929A75BF800CB0765 /* OAuth2Service.swift in Sources */ = {isa = PBXBuildFile; fileRef = 7B097A8829A75BF800CB0765 /* OAuth2Service.swift */; };
		7B097A8B29A7648C00CB0765 /* OAuth2TokenStorage.swift in Sources */ = {isa = PBXBuildFile; fileRef = 7B097A8A29A7648C00CB0765 /* OAuth2TokenStorage.swift */; };
		7B097A8D29A7707A00CB0765 /* URLRequest+Extension.swift in Sources */ = {isa = PBXBuildFile; fileRef = 7B097A8C29A7707A00CB0765 /* URLRequest+Extension.swift */; };
		7B18E35D29B47F5B00B36EAB /* ProgressHUD in Frameworks */ = {isa = PBXBuildFile; productRef = 7B18E35C29B47F5B00B36EAB /* ProgressHUD */; };
		7B3140C629A2484D00C0EE2A /* UIColor+Extension.swift in Sources */ = {isa = PBXBuildFile; fileRef = 7B3140C529A2484D00C0EE2A /* UIColor+Extension.swift */; };
		7B35943E29A62E8200EA7B26 /* AuthViewController.swift in Sources */ = {isa = PBXBuildFile; fileRef = 7B35943D29A62E8200EA7B26 /* AuthViewController.swift */; };
		7B35944029A6354300EA7B26 /* WebViewController.swift in Sources */ = {isa = PBXBuildFile; fileRef = 7B35943F29A6354300EA7B26 /* WebViewController.swift */; };
		7B35944229A63F0300EA7B26 /* WebViewControllerDelegate.swift in Sources */ = {isa = PBXBuildFile; fileRef = 7B35944129A63F0300EA7B26 /* WebViewControllerDelegate.swift */; };
		7B38631829E1712600D4F474 /* AlertBuilder.swift in Sources */ = {isa = PBXBuildFile; fileRef = 7B38631729E1712600D4F474 /* AlertBuilder.swift */; };
		7B3F8FBC29AA030800095C97 /* AlertPresenter.swift in Sources */ = {isa = PBXBuildFile; fileRef = 7B3F8FBB29AA030800095C97 /* AlertPresenter.swift */; };
		7B3F8FBE29AA033F00095C97 /* AlertModel.swift in Sources */ = {isa = PBXBuildFile; fileRef = 7B3F8FBD29AA033F00095C97 /* AlertModel.swift */; };
		7B4677C829C1019A001FCC77 /* ProfileImageService.swift in Sources */ = {isa = PBXBuildFile; fileRef = 7B4677C729C1019A001FCC77 /* ProfileImageService.swift */; };
		7B4677CA29C101F0001FCC77 /* UserResult.swift in Sources */ = {isa = PBXBuildFile; fileRef = 7B4677C929C101F0001FCC77 /* UserResult.swift */; };
		7B7509E129D382B50025E67E /* ImageListService.swift in Sources */ = {isa = PBXBuildFile; fileRef = 7B7509E029D382B50025E67E /* ImageListService.swift */; };
		7B7509E329D383800025E67E /* Photo.swift in Sources */ = {isa = PBXBuildFile; fileRef = 7B7509E229D383800025E67E /* Photo.swift */; };
		7B7509E529D45CFA0025E67E /* PhotoResult.swift in Sources */ = {isa = PBXBuildFile; fileRef = 7B7509E429D45CFA0025E67E /* PhotoResult.swift */; };
		7B8741CA297BED20005DF8DC /* AppDelegate.swift in Sources */ = {isa = PBXBuildFile; fileRef = 7B8741C9297BED20005DF8DC /* AppDelegate.swift */; };
		7B8741CC297BED20005DF8DC /* SceneDelegate.swift in Sources */ = {isa = PBXBuildFile; fileRef = 7B8741CB297BED20005DF8DC /* SceneDelegate.swift */; };
		7B8741CE297BED20005DF8DC /* ImageListViewController.swift in Sources */ = {isa = PBXBuildFile; fileRef = 7B8741CD297BED20005DF8DC /* ImageListViewController.swift */; };
		7B8741D1297BED20005DF8DC /* Main.storyboard in Resources */ = {isa = PBXBuildFile; fileRef = 7B8741CF297BED20005DF8DC /* Main.storyboard */; };
		7B8741D3297BED21005DF8DC /* Assets.xcassets in Resources */ = {isa = PBXBuildFile; fileRef = 7B8741D2297BED21005DF8DC /* Assets.xcassets */; };
		7B8741D6297BED21005DF8DC /* LaunchScreen.storyboard in Resources */ = {isa = PBXBuildFile; fileRef = 7B8741D4297BED21005DF8DC /* LaunchScreen.storyboard */; };
		7B932C0529CA23C400948DFA /* SwiftKeychainWrapper in Frameworks */ = {isa = PBXBuildFile; productRef = 7B932C0429CA23C400948DFA /* SwiftKeychainWrapper */; };
		7B932C0929CA283F00948DFA /* TabBarController.swift in Sources */ = {isa = PBXBuildFile; fileRef = 7B932C0829CA283F00948DFA /* TabBarController.swift */; };
		7B977FD429C8F9E70009D119 /* Kingfisher in Frameworks */ = {isa = PBXBuildFile; productRef = 7B977FD329C8F9E70009D119 /* Kingfisher */; };
		7B98FCBA29BF684B00CE99E9 /* UIBlockingProgressHUD.swift in Sources */ = {isa = PBXBuildFile; fileRef = 7B98FCB929BF684B00CE99E9 /* UIBlockingProgressHUD.swift */; };
		7B98FCBC29BF6C3200CE99E9 /* ProfileService.swift in Sources */ = {isa = PBXBuildFile; fileRef = 7B98FCBB29BF6C3200CE99E9 /* ProfileService.swift */; };
		7B98FCBE29BF6C7B00CE99E9 /* ProfileResult.swift in Sources */ = {isa = PBXBuildFile; fileRef = 7B98FCBD29BF6C7B00CE99E9 /* ProfileResult.swift */; };
		7B98FCC029BF708300CE99E9 /* Profile.swift in Sources */ = {isa = PBXBuildFile; fileRef = 7B98FCBF29BF708300CE99E9 /* Profile.swift */; };
		7B9FD8ED299F781700F2DC8F /* ProfileViewController.swift in Sources */ = {isa = PBXBuildFile; fileRef = 7B9FD8EC299F781700F2DC8F /* ProfileViewController.swift */; };
		7BCC762929AC90BC005A08CA /* SplashViewController.swift in Sources */ = {isa = PBXBuildFile; fileRef = 7BCC762829AC90BC005A08CA /* SplashViewController.swift */; };
		7BD823F029A0A44C00F43999 /* SingleImageViewController.swift in Sources */ = {isa = PBXBuildFile; fileRef = 7BD823EF29A0A44C00F43999 /* SingleImageViewController.swift */; };
		7BDEDC9F29866D0900AC7DB5 /* ImageListCell.swift in Sources */ = {isa = PBXBuildFile; fileRef = 7BDEDC9E29866D0900AC7DB5 /* ImageListCell.swift */; };
		7BEA321429C087A900428844 /* URLSession+Extension.swift in Sources */ = {isa = PBXBuildFile; fileRef = 7BEA321329C087A900428844 /* URLSession+Extension.swift */; };
		7BFC8669298EFE300050EC3B /* Constants.swift in Sources */ = {isa = PBXBuildFile; fileRef = 7BFC8668298EFE300050EC3B /* Constants.swift */; };
/* End PBXBuildFile section */

/* Begin PBXFileReference section */
		7B097A8529A75B3300CB0765 /* OAuthTokenResponseBody.swift */ = {isa = PBXFileReference; lastKnownFileType = sourcecode.swift; path = OAuthTokenResponseBody.swift; sourceTree = "<group>"; };
		7B097A8829A75BF800CB0765 /* OAuth2Service.swift */ = {isa = PBXFileReference; lastKnownFileType = sourcecode.swift; path = OAuth2Service.swift; sourceTree = "<group>"; };
		7B097A8A29A7648C00CB0765 /* OAuth2TokenStorage.swift */ = {isa = PBXFileReference; lastKnownFileType = sourcecode.swift; path = OAuth2TokenStorage.swift; sourceTree = "<group>"; };
		7B097A8C29A7707A00CB0765 /* URLRequest+Extension.swift */ = {isa = PBXFileReference; lastKnownFileType = sourcecode.swift; path = "URLRequest+Extension.swift"; sourceTree = "<group>"; };
		7B3140C529A2484D00C0EE2A /* UIColor+Extension.swift */ = {isa = PBXFileReference; lastKnownFileType = sourcecode.swift; path = "UIColor+Extension.swift"; sourceTree = "<group>"; };
		7B35943D29A62E8200EA7B26 /* AuthViewController.swift */ = {isa = PBXFileReference; lastKnownFileType = sourcecode.swift; path = AuthViewController.swift; sourceTree = "<group>"; };
		7B35943F29A6354300EA7B26 /* WebViewController.swift */ = {isa = PBXFileReference; lastKnownFileType = sourcecode.swift; path = WebViewController.swift; sourceTree = "<group>"; };
		7B35944129A63F0300EA7B26 /* WebViewControllerDelegate.swift */ = {isa = PBXFileReference; lastKnownFileType = sourcecode.swift; path = WebViewControllerDelegate.swift; sourceTree = "<group>"; };
		7B38631729E1712600D4F474 /* AlertBuilder.swift */ = {isa = PBXFileReference; lastKnownFileType = sourcecode.swift; path = AlertBuilder.swift; sourceTree = "<group>"; };
		7B3F8FBB29AA030800095C97 /* AlertPresenter.swift */ = {isa = PBXFileReference; lastKnownFileType = sourcecode.swift; path = AlertPresenter.swift; sourceTree = "<group>"; };
		7B3F8FBD29AA033F00095C97 /* AlertModel.swift */ = {isa = PBXFileReference; lastKnownFileType = sourcecode.swift; path = AlertModel.swift; sourceTree = "<group>"; };
		7B4677C729C1019A001FCC77 /* ProfileImageService.swift */ = {isa = PBXFileReference; lastKnownFileType = sourcecode.swift; path = ProfileImageService.swift; sourceTree = "<group>"; };
		7B4677C929C101F0001FCC77 /* UserResult.swift */ = {isa = PBXFileReference; lastKnownFileType = sourcecode.swift; path = UserResult.swift; sourceTree = "<group>"; };
		7B7509E029D382B50025E67E /* ImageListService.swift */ = {isa = PBXFileReference; lastKnownFileType = sourcecode.swift; path = ImageListService.swift; sourceTree = "<group>"; };
		7B7509E229D383800025E67E /* Photo.swift */ = {isa = PBXFileReference; lastKnownFileType = sourcecode.swift; path = Photo.swift; sourceTree = "<group>"; };
		7B7509E429D45CFA0025E67E /* PhotoResult.swift */ = {isa = PBXFileReference; lastKnownFileType = sourcecode.swift; path = PhotoResult.swift; sourceTree = "<group>"; };
		7B8741C6297BED20005DF8DC /* ImageFeed.app */ = {isa = PBXFileReference; explicitFileType = wrapper.application; includeInIndex = 0; path = ImageFeed.app; sourceTree = BUILT_PRODUCTS_DIR; };
		7B8741C9297BED20005DF8DC /* AppDelegate.swift */ = {isa = PBXFileReference; lastKnownFileType = sourcecode.swift; path = AppDelegate.swift; sourceTree = "<group>"; };
		7B8741CB297BED20005DF8DC /* SceneDelegate.swift */ = {isa = PBXFileReference; lastKnownFileType = sourcecode.swift; path = SceneDelegate.swift; sourceTree = "<group>"; };
		7B8741CD297BED20005DF8DC /* ImageListViewController.swift */ = {isa = PBXFileReference; lastKnownFileType = sourcecode.swift; path = ImageListViewController.swift; sourceTree = "<group>"; };
		7B8741D0297BED20005DF8DC /* Base */ = {isa = PBXFileReference; lastKnownFileType = file.storyboard; name = Base; path = Base.lproj/Main.storyboard; sourceTree = "<group>"; };
		7B8741D2297BED21005DF8DC /* Assets.xcassets */ = {isa = PBXFileReference; lastKnownFileType = folder.assetcatalog; path = Assets.xcassets; sourceTree = "<group>"; };
		7B8741D5297BED21005DF8DC /* Base */ = {isa = PBXFileReference; lastKnownFileType = file.storyboard; name = Base; path = Base.lproj/LaunchScreen.storyboard; sourceTree = "<group>"; };
		7B8741D7297BED21005DF8DC /* Info.plist */ = {isa = PBXFileReference; lastKnownFileType = text.plist.xml; path = Info.plist; sourceTree = "<group>"; };
		7B932C0829CA283F00948DFA /* TabBarController.swift */ = {isa = PBXFileReference; lastKnownFileType = sourcecode.swift; path = TabBarController.swift; sourceTree = "<group>"; };
		7B98FCB929BF684B00CE99E9 /* UIBlockingProgressHUD.swift */ = {isa = PBXFileReference; lastKnownFileType = sourcecode.swift; path = UIBlockingProgressHUD.swift; sourceTree = "<group>"; };
		7B98FCBB29BF6C3200CE99E9 /* ProfileService.swift */ = {isa = PBXFileReference; lastKnownFileType = sourcecode.swift; path = ProfileService.swift; sourceTree = "<group>"; };
		7B98FCBD29BF6C7B00CE99E9 /* ProfileResult.swift */ = {isa = PBXFileReference; lastKnownFileType = sourcecode.swift; path = ProfileResult.swift; sourceTree = "<group>"; };
		7B98FCBF29BF708300CE99E9 /* Profile.swift */ = {isa = PBXFileReference; lastKnownFileType = sourcecode.swift; path = Profile.swift; sourceTree = "<group>"; };
		7B9FD8EC299F781700F2DC8F /* ProfileViewController.swift */ = {isa = PBXFileReference; lastKnownFileType = sourcecode.swift; path = ProfileViewController.swift; sourceTree = "<group>"; };
		7BCC762829AC90BC005A08CA /* SplashViewController.swift */ = {isa = PBXFileReference; lastKnownFileType = sourcecode.swift; path = SplashViewController.swift; sourceTree = "<group>"; };
		7BD823EF29A0A44C00F43999 /* SingleImageViewController.swift */ = {isa = PBXFileReference; lastKnownFileType = sourcecode.swift; path = SingleImageViewController.swift; sourceTree = "<group>"; };
		7BDEDC9E29866D0900AC7DB5 /* ImageListCell.swift */ = {isa = PBXFileReference; lastKnownFileType = sourcecode.swift; path = ImageListCell.swift; sourceTree = "<group>"; };
		7BEA321329C087A900428844 /* URLSession+Extension.swift */ = {isa = PBXFileReference; lastKnownFileType = sourcecode.swift; path = "URLSession+Extension.swift"; sourceTree = "<group>"; };
		7BFC8668298EFE300050EC3B /* Constants.swift */ = {isa = PBXFileReference; lastKnownFileType = sourcecode.swift; path = Constants.swift; sourceTree = "<group>"; };
/* End PBXFileReference section */

/* Begin PBXFrameworksBuildPhase section */
		7B8741C3297BED20005DF8DC /* Frameworks */ = {
			isa = PBXFrameworksBuildPhase;
			buildActionMask = 2147483647;
			files = (
				7B977FD429C8F9E70009D119 /* Kingfisher in Frameworks */,
				7B18E35D29B47F5B00B36EAB /* ProgressHUD in Frameworks */,
				7B932C0529CA23C400948DFA /* SwiftKeychainWrapper in Frameworks */,
			);
			runOnlyForDeploymentPostprocessing = 0;
		};
/* End PBXFrameworksBuildPhase section */

/* Begin PBXGroup section */
		7B097A8429A75B0200CB0765 /* Model */ = {
			isa = PBXGroup;
			children = (
				7B097A8529A75B3300CB0765 /* OAuthTokenResponseBody.swift */,
				7B097A8A29A7648C00CB0765 /* OAuth2TokenStorage.swift */,
				7B3F8FBD29AA033F00095C97 /* AlertModel.swift */,
				7B98FCBD29BF6C7B00CE99E9 /* ProfileResult.swift */,
				7B98FCBF29BF708300CE99E9 /* Profile.swift */,
				7B4677C929C101F0001FCC77 /* UserResult.swift */,
				7B7509E229D383800025E67E /* Photo.swift */,
				7B7509E429D45CFA0025E67E /* PhotoResult.swift */,
			);
			path = Model;
			sourceTree = "<group>";
		};
		7B097A8729A75B9D00CB0765 /* Services */ = {
			isa = PBXGroup;
			children = (
				7B097A8829A75BF800CB0765 /* OAuth2Service.swift */,
				7B98FCBB29BF6C3200CE99E9 /* ProfileService.swift */,
				7B4677C729C1019A001FCC77 /* ProfileImageService.swift */,
				7B7509E029D382B50025E67E /* ImageListService.swift */,
			);
			path = Services;
			sourceTree = "<group>";
		};
		7B35943C29A62E6C00EA7B26 /* AuthVC */ = {
			isa = PBXGroup;
			children = (
				7B35943D29A62E8200EA7B26 /* AuthViewController.swift */,
				7B35943F29A6354300EA7B26 /* WebViewController.swift */,
				7B35944129A63F0300EA7B26 /* WebViewControllerDelegate.swift */,
			);
			path = AuthVC;
			sourceTree = "<group>";
		};
		7B8741BD297BED20005DF8DC = {
			isa = PBXGroup;
			children = (
				7B8741C8297BED20005DF8DC /* ImageFeed */,
				7B8741C7297BED20005DF8DC /* Products */,
			);
			sourceTree = "<group>";
		};
		7B8741C7297BED20005DF8DC /* Products */ = {
			isa = PBXGroup;
			children = (
				7B8741C6297BED20005DF8DC /* ImageFeed.app */,
			);
			name = Products;
			sourceTree = "<group>";
		};
		7B8741C8297BED20005DF8DC /* ImageFeed */ = {
			isa = PBXGroup;
			children = (
				7B932C0629CA27C600948DFA /* Controllers */,
				7B097A8729A75B9D00CB0765 /* Services */,
				7BFC8667298EFE080050EC3B /* Helpers */,
				7B097A8429A75B0200CB0765 /* Model */,
				7B8741C9297BED20005DF8DC /* AppDelegate.swift */,
				7B8741CB297BED20005DF8DC /* SceneDelegate.swift */,
				7B8741CF297BED20005DF8DC /* Main.storyboard */,
				7B8741D2297BED21005DF8DC /* Assets.xcassets */,
				7B8741D4297BED21005DF8DC /* LaunchScreen.storyboard */,
				7B8741D7297BED21005DF8DC /* Info.plist */,
			);
			path = ImageFeed;
			sourceTree = "<group>";
		};
		7B932C0629CA27C600948DFA /* Controllers */ = {
			isa = PBXGroup;
			children = (
				7B932C0729CA281A00948DFA /* TabBarController */,
				7BCC762729AC9097005A08CA /* SplashViewController */,
				7BD823EE29A0A41D00F43999 /* SingleImage */,
				7B9FD8EB299F77B200F2DC8F /* Profile */,
				7B35943C29A62E6C00EA7B26 /* AuthVC */,
				7BDEDCA029866D7200AC7DB5 /* ImageList */,
			);
			path = Controllers;
			sourceTree = "<group>";
		};
		7B932C0729CA281A00948DFA /* TabBarController */ = {
			isa = PBXGroup;
			children = (
				7B932C0829CA283F00948DFA /* TabBarController.swift */,
			);
			path = TabBarController;
			sourceTree = "<group>";
		};
		7B9FD8EB299F77B200F2DC8F /* Profile */ = {
			isa = PBXGroup;
			children = (
				7B9FD8EC299F781700F2DC8F /* ProfileViewController.swift */,
			);
			path = Profile;
			sourceTree = "<group>";
		};
		7BCC762729AC9097005A08CA /* SplashViewController */ = {
			isa = PBXGroup;
			children = (
				7BCC762829AC90BC005A08CA /* SplashViewController.swift */,
			);
			path = SplashViewController;
			sourceTree = "<group>";
		};
		7BD823EE29A0A41D00F43999 /* SingleImage */ = {
			isa = PBXGroup;
			children = (
				7BD823EF29A0A44C00F43999 /* SingleImageViewController.swift */,
			);
			path = SingleImage;
			sourceTree = "<group>";
		};
		7BDEDCA029866D7200AC7DB5 /* ImageList */ = {
			isa = PBXGroup;
			children = (
				7B8741CD297BED20005DF8DC /* ImageListViewController.swift */,
				7BDEDC9E29866D0900AC7DB5 /* ImageListCell.swift */,
			);
			path = ImageList;
			sourceTree = "<group>";
		};
		7BFC8667298EFE080050EC3B /* Helpers */ = {
			isa = PBXGroup;
			children = (
				7BFC8668298EFE300050EC3B /* Constants.swift */,
				7B3140C529A2484D00C0EE2A /* UIColor+Extension.swift */,
				7B097A8C29A7707A00CB0765 /* URLRequest+Extension.swift */,
				7BEA321329C087A900428844 /* URLSession+Extension.swift */,
				7B3F8FBB29AA030800095C97 /* AlertPresenter.swift */,
				7B98FCB929BF684B00CE99E9 /* UIBlockingProgressHUD.swift */,
				7B38631729E1712600D4F474 /* AlertBuilder.swift */,
			);
			path = Helpers;
			sourceTree = "<group>";
		};
/* End PBXGroup section */

/* Begin PBXNativeTarget section */
		7B8741C5297BED20005DF8DC /* ImageFeed */ = {
			isa = PBXNativeTarget;
			buildConfigurationList = 7B8741DA297BED21005DF8DC /* Build configuration list for PBXNativeTarget "ImageFeed" */;
			buildPhases = (
				7B8741C2297BED20005DF8DC /* Sources */,
				7B8741C3297BED20005DF8DC /* Frameworks */,
				7B8741C4297BED20005DF8DC /* Resources */,
			);
			buildRules = (
			);
			dependencies = (
			);
			name = ImageFeed;
			packageProductDependencies = (
				7B18E35C29B47F5B00B36EAB /* ProgressHUD */,
				7B977FD329C8F9E70009D119 /* Kingfisher */,
				7B932C0429CA23C400948DFA /* SwiftKeychainWrapper */,
			);
			productName = ImageFeed;
			productReference = 7B8741C6297BED20005DF8DC /* ImageFeed.app */;
			productType = "com.apple.product-type.application";
		};
/* End PBXNativeTarget section */

/* Begin PBXProject section */
		7B8741BE297BED20005DF8DC /* Project object */ = {
			isa = PBXProject;
			attributes = {
				BuildIndependentTargetsInParallel = 1;
				LastSwiftUpdateCheck = 1420;
				LastUpgradeCheck = 1420;
				TargetAttributes = {
					7B8741C5297BED20005DF8DC = {
						CreatedOnToolsVersion = 14.2;
					};
				};
			};
			buildConfigurationList = 7B8741C1297BED20005DF8DC /* Build configuration list for PBXProject "ImageFeed" */;
			compatibilityVersion = "Xcode 14.0";
			developmentRegion = en;
			hasScannedForEncodings = 0;
			knownRegions = (
				en,
				Base,
			);
			mainGroup = 7B8741BD297BED20005DF8DC;
			packageReferences = (
				7B18E35B29B47F5B00B36EAB /* XCRemoteSwiftPackageReference "ProgressHUD" */,
				7B977FD229C8F9E70009D119 /* XCRemoteSwiftPackageReference "Kingfisher" */,
				7B932C0329CA23C400948DFA /* XCRemoteSwiftPackageReference "SwiftKeychainWrapper" */,
			);
			productRefGroup = 7B8741C7297BED20005DF8DC /* Products */;
			projectDirPath = "";
			projectRoot = "";
			targets = (
				7B8741C5297BED20005DF8DC /* ImageFeed */,
			);
		};
/* End PBXProject section */

/* Begin PBXResourcesBuildPhase section */
		7B8741C4297BED20005DF8DC /* Resources */ = {
			isa = PBXResourcesBuildPhase;
			buildActionMask = 2147483647;
			files = (
				7B8741D6297BED21005DF8DC /* LaunchScreen.storyboard in Resources */,
				7B8741D3297BED21005DF8DC /* Assets.xcassets in Resources */,
				7B8741D1297BED20005DF8DC /* Main.storyboard in Resources */,
			);
			runOnlyForDeploymentPostprocessing = 0;
		};
/* End PBXResourcesBuildPhase section */

/* Begin PBXSourcesBuildPhase section */
		7B8741C2297BED20005DF8DC /* Sources */ = {
			isa = PBXSourcesBuildPhase;
			buildActionMask = 2147483647;
			files = (
				7B7509E329D383800025E67E /* Photo.swift in Sources */,
				7B9FD8ED299F781700F2DC8F /* ProfileViewController.swift in Sources */,
				7B932C0929CA283F00948DFA /* TabBarController.swift in Sources */,
				7BFC8669298EFE300050EC3B /* Constants.swift in Sources */,
				7B097A8929A75BF800CB0765 /* OAuth2Service.swift in Sources */,
				7BCC762929AC90BC005A08CA /* SplashViewController.swift in Sources */,
				7B097A8629A75B3300CB0765 /* OAuthTokenResponseBody.swift in Sources */,
				7BEA321429C087A900428844 /* URLSession+Extension.swift in Sources */,
				7B3F8FBC29AA030800095C97 /* AlertPresenter.swift in Sources */,
				7B8741CE297BED20005DF8DC /* ImageListViewController.swift in Sources */,
				7B4677CA29C101F0001FCC77 /* UserResult.swift in Sources */,
				7B35944029A6354300EA7B26 /* WebViewController.swift in Sources */,
				7B4677C829C1019A001FCC77 /* ProfileImageService.swift in Sources */,
				7BD823F029A0A44C00F43999 /* SingleImageViewController.swift in Sources */,
				7B98FCBC29BF6C3200CE99E9 /* ProfileService.swift in Sources */,
				7B98FCBA29BF684B00CE99E9 /* UIBlockingProgressHUD.swift in Sources */,
				7B7509E529D45CFA0025E67E /* PhotoResult.swift in Sources */,
				7B097A8B29A7648C00CB0765 /* OAuth2TokenStorage.swift in Sources */,
				7B3F8FBE29AA033F00095C97 /* AlertModel.swift in Sources */,
				7B98FCBE29BF6C7B00CE99E9 /* ProfileResult.swift in Sources */,
				7BDEDC9F29866D0900AC7DB5 /* ImageListCell.swift in Sources */,
				7B8741CA297BED20005DF8DC /* AppDelegate.swift in Sources */,
				7B097A8D29A7707A00CB0765 /* URLRequest+Extension.swift in Sources */,
				7B35944229A63F0300EA7B26 /* WebViewControllerDelegate.swift in Sources */,
				7B38631829E1712600D4F474 /* AlertBuilder.swift in Sources */,
				7B8741CC297BED20005DF8DC /* SceneDelegate.swift in Sources */,
				7B7509E129D382B50025E67E /* ImageListService.swift in Sources */,
				7B98FCC029BF708300CE99E9 /* Profile.swift in Sources */,
				7B35943E29A62E8200EA7B26 /* AuthViewController.swift in Sources */,
				7B3140C629A2484D00C0EE2A /* UIColor+Extension.swift in Sources */,
			);
			runOnlyForDeploymentPostprocessing = 0;
		};
/* End PBXSourcesBuildPhase section */

/* Begin PBXVariantGroup section */
		7B8741CF297BED20005DF8DC /* Main.storyboard */ = {
			isa = PBXVariantGroup;
			children = (
				7B8741D0297BED20005DF8DC /* Base */,
			);
			name = Main.storyboard;
			sourceTree = "<group>";
		};
		7B8741D4297BED21005DF8DC /* LaunchScreen.storyboard */ = {
			isa = PBXVariantGroup;
			children = (
				7B8741D5297BED21005DF8DC /* Base */,
			);
			name = LaunchScreen.storyboard;
			sourceTree = "<group>";
		};
/* End PBXVariantGroup section */

/* Begin XCBuildConfiguration section */
		7B8741D8297BED21005DF8DC /* Debug */ = {
			isa = XCBuildConfiguration;
			buildSettings = {
				ALWAYS_SEARCH_USER_PATHS = NO;
				CLANG_ANALYZER_NONNULL = YES;
				CLANG_ANALYZER_NUMBER_OBJECT_CONVERSION = YES_AGGRESSIVE;
				CLANG_CXX_LANGUAGE_STANDARD = "gnu++20";
				CLANG_ENABLE_MODULES = YES;
				CLANG_ENABLE_OBJC_ARC = YES;
				CLANG_ENABLE_OBJC_WEAK = YES;
				CLANG_WARN_BLOCK_CAPTURE_AUTORELEASING = YES;
				CLANG_WARN_BOOL_CONVERSION = YES;
				CLANG_WARN_COMMA = YES;
				CLANG_WARN_CONSTANT_CONVERSION = YES;
				CLANG_WARN_DEPRECATED_OBJC_IMPLEMENTATIONS = YES;
				CLANG_WARN_DIRECT_OBJC_ISA_USAGE = YES_ERROR;
				CLANG_WARN_DOCUMENTATION_COMMENTS = YES;
				CLANG_WARN_EMPTY_BODY = YES;
				CLANG_WARN_ENUM_CONVERSION = YES;
				CLANG_WARN_INFINITE_RECURSION = YES;
				CLANG_WARN_INT_CONVERSION = YES;
				CLANG_WARN_NON_LITERAL_NULL_CONVERSION = YES;
				CLANG_WARN_OBJC_IMPLICIT_RETAIN_SELF = YES;
				CLANG_WARN_OBJC_LITERAL_CONVERSION = YES;
				CLANG_WARN_OBJC_ROOT_CLASS = YES_ERROR;
				CLANG_WARN_QUOTED_INCLUDE_IN_FRAMEWORK_HEADER = YES;
				CLANG_WARN_RANGE_LOOP_ANALYSIS = YES;
				CLANG_WARN_STRICT_PROTOTYPES = YES;
				CLANG_WARN_SUSPICIOUS_MOVE = YES;
				CLANG_WARN_UNGUARDED_AVAILABILITY = YES_AGGRESSIVE;
				CLANG_WARN_UNREACHABLE_CODE = YES;
				CLANG_WARN__DUPLICATE_METHOD_MATCH = YES;
				COPY_PHASE_STRIP = NO;
				DEBUG_INFORMATION_FORMAT = dwarf;
				ENABLE_STRICT_OBJC_MSGSEND = YES;
				ENABLE_TESTABILITY = YES;
				GCC_C_LANGUAGE_STANDARD = gnu11;
				GCC_DYNAMIC_NO_PIC = NO;
				GCC_NO_COMMON_BLOCKS = YES;
				GCC_OPTIMIZATION_LEVEL = 0;
				GCC_PREPROCESSOR_DEFINITIONS = (
					"DEBUG=1",
					"$(inherited)",
				);
				GCC_WARN_64_TO_32_BIT_CONVERSION = YES;
				GCC_WARN_ABOUT_RETURN_TYPE = YES_ERROR;
				GCC_WARN_UNDECLARED_SELECTOR = YES;
				GCC_WARN_UNINITIALIZED_AUTOS = YES_AGGRESSIVE;
				GCC_WARN_UNUSED_FUNCTION = YES;
				GCC_WARN_UNUSED_VARIABLE = YES;
				IPHONEOS_DEPLOYMENT_TARGET = 13.0;
				MTL_ENABLE_DEBUG_INFO = INCLUDE_SOURCE;
				MTL_FAST_MATH = YES;
				ONLY_ACTIVE_ARCH = YES;
				SDKROOT = iphoneos;
				SWIFT_ACTIVE_COMPILATION_CONDITIONS = DEBUG;
				SWIFT_OPTIMIZATION_LEVEL = "-Onone";
			};
			name = Debug;
		};
		7B8741D9297BED21005DF8DC /* Release */ = {
			isa = XCBuildConfiguration;
			buildSettings = {
				ALWAYS_SEARCH_USER_PATHS = NO;
				CLANG_ANALYZER_NONNULL = YES;
				CLANG_ANALYZER_NUMBER_OBJECT_CONVERSION = YES_AGGRESSIVE;
				CLANG_CXX_LANGUAGE_STANDARD = "gnu++20";
				CLANG_ENABLE_MODULES = YES;
				CLANG_ENABLE_OBJC_ARC = YES;
				CLANG_ENABLE_OBJC_WEAK = YES;
				CLANG_WARN_BLOCK_CAPTURE_AUTORELEASING = YES;
				CLANG_WARN_BOOL_CONVERSION = YES;
				CLANG_WARN_COMMA = YES;
				CLANG_WARN_CONSTANT_CONVERSION = YES;
				CLANG_WARN_DEPRECATED_OBJC_IMPLEMENTATIONS = YES;
				CLANG_WARN_DIRECT_OBJC_ISA_USAGE = YES_ERROR;
				CLANG_WARN_DOCUMENTATION_COMMENTS = YES;
				CLANG_WARN_EMPTY_BODY = YES;
				CLANG_WARN_ENUM_CONVERSION = YES;
				CLANG_WARN_INFINITE_RECURSION = YES;
				CLANG_WARN_INT_CONVERSION = YES;
				CLANG_WARN_NON_LITERAL_NULL_CONVERSION = YES;
				CLANG_WARN_OBJC_IMPLICIT_RETAIN_SELF = YES;
				CLANG_WARN_OBJC_LITERAL_CONVERSION = YES;
				CLANG_WARN_OBJC_ROOT_CLASS = YES_ERROR;
				CLANG_WARN_QUOTED_INCLUDE_IN_FRAMEWORK_HEADER = YES;
				CLANG_WARN_RANGE_LOOP_ANALYSIS = YES;
				CLANG_WARN_STRICT_PROTOTYPES = YES;
				CLANG_WARN_SUSPICIOUS_MOVE = YES;
				CLANG_WARN_UNGUARDED_AVAILABILITY = YES_AGGRESSIVE;
				CLANG_WARN_UNREACHABLE_CODE = YES;
				CLANG_WARN__DUPLICATE_METHOD_MATCH = YES;
				COPY_PHASE_STRIP = NO;
				DEBUG_INFORMATION_FORMAT = "dwarf-with-dsym";
				ENABLE_NS_ASSERTIONS = NO;
				ENABLE_STRICT_OBJC_MSGSEND = YES;
				GCC_C_LANGUAGE_STANDARD = gnu11;
				GCC_NO_COMMON_BLOCKS = YES;
				GCC_WARN_64_TO_32_BIT_CONVERSION = YES;
				GCC_WARN_ABOUT_RETURN_TYPE = YES_ERROR;
				GCC_WARN_UNDECLARED_SELECTOR = YES;
				GCC_WARN_UNINITIALIZED_AUTOS = YES_AGGRESSIVE;
				GCC_WARN_UNUSED_FUNCTION = YES;
				GCC_WARN_UNUSED_VARIABLE = YES;
				IPHONEOS_DEPLOYMENT_TARGET = 13.0;
				MTL_ENABLE_DEBUG_INFO = NO;
				MTL_FAST_MATH = YES;
				SDKROOT = iphoneos;
				SWIFT_COMPILATION_MODE = wholemodule;
				SWIFT_OPTIMIZATION_LEVEL = "-O";
				VALIDATE_PRODUCT = YES;
			};
			name = Release;
		};
		7B8741DB297BED21005DF8DC /* Debug */ = {
			isa = XCBuildConfiguration;
			buildSettings = {
				ASSETCATALOG_COMPILER_APPICON_NAME = AppIcon;
				ASSETCATALOG_COMPILER_GLOBAL_ACCENT_COLOR_NAME = AccentColor;
				CODE_SIGN_STYLE = Automatic;
				CURRENT_PROJECT_VERSION = 1;
				DEVELOPMENT_TEAM = 38JJCV72CS;
				GENERATE_INFOPLIST_FILE = YES;
				INFOPLIST_FILE = ImageFeed/Info.plist;
				INFOPLIST_KEY_UIApplicationSupportsIndirectInputEvents = YES;
				INFOPLIST_KEY_UILaunchStoryboardName = LaunchScreen;
				INFOPLIST_KEY_UIMainStoryboardFile = Main;
				INFOPLIST_KEY_UIStatusBarStyle = UIStatusBarStyleLightContent;
				INFOPLIST_KEY_UISupportedInterfaceOrientations = UIInterfaceOrientationPortrait;
				INFOPLIST_KEY_UISupportedInterfaceOrientations_iPad = UIInterfaceOrientationPortrait;
				IPHONEOS_DEPLOYMENT_TARGET = 13.0;
				LD_RUNPATH_SEARCH_PATHS = (
					"$(inherited)",
					"@executable_path/Frameworks",
				);
				MARKETING_VERSION = 1.0;
				PRODUCT_BUNDLE_IDENTIFIER = com.tmwf.ImageFeed;
				PRODUCT_NAME = "$(TARGET_NAME)";
				SUPPORTED_PLATFORMS = "iphoneos iphonesimulator";
				SUPPORTS_MACCATALYST = NO;
				SUPPORTS_MAC_DESIGNED_FOR_IPHONE_IPAD = NO;
				SWIFT_EMIT_LOC_STRINGS = YES;
				SWIFT_VERSION = 5.0;
				TARGETED_DEVICE_FAMILY = 1;
			};
			name = Debug;
		};
		7B8741DC297BED21005DF8DC /* Release */ = {
			isa = XCBuildConfiguration;
			buildSettings = {
				ASSETCATALOG_COMPILER_APPICON_NAME = AppIcon;
				ASSETCATALOG_COMPILER_GLOBAL_ACCENT_COLOR_NAME = AccentColor;
				CODE_SIGN_STYLE = Automatic;
				CURRENT_PROJECT_VERSION = 1;
				DEVELOPMENT_TEAM = 38JJCV72CS;
				GENERATE_INFOPLIST_FILE = YES;
				INFOPLIST_FILE = ImageFeed/Info.plist;
				INFOPLIST_KEY_UIApplicationSupportsIndirectInputEvents = YES;
				INFOPLIST_KEY_UILaunchStoryboardName = LaunchScreen;
				INFOPLIST_KEY_UIMainStoryboardFile = Main;
				INFOPLIST_KEY_UIStatusBarStyle = UIStatusBarStyleLightContent;
				INFOPLIST_KEY_UISupportedInterfaceOrientations = UIInterfaceOrientationPortrait;
				INFOPLIST_KEY_UISupportedInterfaceOrientations_iPad = UIInterfaceOrientationPortrait;
				IPHONEOS_DEPLOYMENT_TARGET = 13.0;
				LD_RUNPATH_SEARCH_PATHS = (
					"$(inherited)",
					"@executable_path/Frameworks",
				);
				MARKETING_VERSION = 1.0;
				PRODUCT_BUNDLE_IDENTIFIER = com.tmwf.ImageFeed;
				PRODUCT_NAME = "$(TARGET_NAME)";
				SUPPORTED_PLATFORMS = "iphoneos iphonesimulator";
				SUPPORTS_MACCATALYST = NO;
				SUPPORTS_MAC_DESIGNED_FOR_IPHONE_IPAD = NO;
				SWIFT_EMIT_LOC_STRINGS = YES;
				SWIFT_VERSION = 5.0;
				TARGETED_DEVICE_FAMILY = 1;
			};
			name = Release;
		};
/* End XCBuildConfiguration section */

/* Begin XCConfigurationList section */
		7B8741C1297BED20005DF8DC /* Build configuration list for PBXProject "ImageFeed" */ = {
			isa = XCConfigurationList;
			buildConfigurations = (
				7B8741D8297BED21005DF8DC /* Debug */,
				7B8741D9297BED21005DF8DC /* Release */,
			);
			defaultConfigurationIsVisible = 0;
			defaultConfigurationName = Release;
		};
		7B8741DA297BED21005DF8DC /* Build configuration list for PBXNativeTarget "ImageFeed" */ = {
			isa = XCConfigurationList;
			buildConfigurations = (
				7B8741DB297BED21005DF8DC /* Debug */,
				7B8741DC297BED21005DF8DC /* Release */,
			);
			defaultConfigurationIsVisible = 0;
			defaultConfigurationName = Release;
		};
/* End XCConfigurationList section */

/* Begin XCRemoteSwiftPackageReference section */
		7B18E35B29B47F5B00B36EAB /* XCRemoteSwiftPackageReference "ProgressHUD" */ = {
			isa = XCRemoteSwiftPackageReference;
			repositoryURL = "https://github.com/relatedcode/ProgressHUD";
			requirement = {
				kind = exactVersion;
				version = 13.6.1;
			};
		};
		7B932C0329CA23C400948DFA /* XCRemoteSwiftPackageReference "SwiftKeychainWrapper" */ = {
			isa = XCRemoteSwiftPackageReference;
			repositoryURL = "https://github.com/jrendel/SwiftKeychainWrapper";
			requirement = {
				kind = upToNextMajorVersion;
				minimumVersion = 4.0.0;
			};
		};
		7B977FD229C8F9E70009D119 /* XCRemoteSwiftPackageReference "Kingfisher" */ = {
			isa = XCRemoteSwiftPackageReference;
			repositoryURL = "https://github.com/onevcat/Kingfisher.git";
			requirement = {
				kind = upToNextMajorVersion;
				minimumVersion = 7.0.0;
			};
		};
/* End XCRemoteSwiftPackageReference section */

/* Begin XCSwiftPackageProductDependency section */
		7B18E35C29B47F5B00B36EAB /* ProgressHUD */ = {
			isa = XCSwiftPackageProductDependency;
			package = 7B18E35B29B47F5B00B36EAB /* XCRemoteSwiftPackageReference "ProgressHUD" */;
			productName = ProgressHUD;
		};
		7B932C0429CA23C400948DFA /* SwiftKeychainWrapper */ = {
			isa = XCSwiftPackageProductDependency;
			package = 7B932C0329CA23C400948DFA /* XCRemoteSwiftPackageReference "SwiftKeychainWrapper" */;
			productName = SwiftKeychainWrapper;
		};
		7B977FD329C8F9E70009D119 /* Kingfisher */ = {
			isa = XCSwiftPackageProductDependency;
			package = 7B977FD229C8F9E70009D119 /* XCRemoteSwiftPackageReference "Kingfisher" */;
			productName = Kingfisher;
		};
/* End XCSwiftPackageProductDependency section */
	};
	rootObject = 7B8741BE297BED20005DF8DC /* Project object */;
}
